
Microsoft Visual Studio Solution File, Format Version 12.00
# Visual Studio 15
VisualStudioVersion = 15.0.28010.2041
MinimumVisualStudioVersion = 10.0.40219.1
Project("{FAE04EC0-301F-11D3-BF4B-00C04F79EFBC}") = "Calculator", "Calculations\Calculator.csproj", "{FA3329EB-43BD-4903-935B-2375D2A1101B}"
EndProject
Project("{FAE04EC0-301F-11D3-BF4B-00C04F79EFBC}") = "Reader", "Readers\Reader.csproj", "{7E9F2AB3-DC03-4263-A4C0-F69F742E9E0E}"
EndProject
Project("{FAE04EC0-301F-11D3-BF4B-00C04F79EFBC}") = "ZopaConsole", "ZopaConsole\ZopaConsole.csproj", "{9AC1F4F8-4D12-44E4-BA4A-453EC60296DA}"
EndProject
Global
	GlobalSection(SolutionConfigurationPlatforms) = preSolution
		Debug|Any CPU = Debug|Any CPU
		Release|Any CPU = Release|Any CPU
	EndGlobalSection
	GlobalSection(ProjectConfigurationPlatforms) = postSolution
		{FA3329EB-43BD-4903-935B-2375D2A1101B}.Debug|Any CPU.ActiveCfg = Debug|Any CPU
		{FA3329EB-43BD-4903-935B-2375D2A1101B}.Debug|Any CPU.Build.0 = Debug|Any CPU
		{FA3329EB-43BD-4903-935B-2375D2A1101B}.Release|Any CPU.ActiveCfg = Release|Any CPU
		{FA3329EB-43BD-4903-935B-2375D2A1101B}.Release|Any CPU.Build.0 = Release|Any CPU
		{7E9F2AB3-DC03-4263-A4C0-F69F742E9E0E}.Debug|Any CPU.ActiveCfg = Debug|Any CPU
		{7E9F2AB3-DC03-4263-A4C0-F69F742E9E0E}.Debug|Any CPU.Build.0 = Debug|Any CPU
		{7E9F2AB3-DC03-4263-A4C0-F69F742E9E0E}.Release|Any CPU.ActiveCfg = Release|Any CPU
		{7E9F2AB3-DC03-4263-A4C0-F69F742E9E0E}.Release|Any CPU.Build.0 = Release|Any CPU
		{9AC1F4F8-4D12-44E4-BA4A-453EC60296DA}.Debug|Any CPU.ActiveCfg = Debug|Any CPU
		{9AC1F4F8-4D12-44E4-BA4A-453EC60296DA}.Debug|Any CPU.Build.0 = Debug|Any CPU
		{9AC1F4F8-4D12-44E4-BA4A-453EC60296DA}.Release|Any CPU.ActiveCfg = Release|Any CPU
		{9AC1F4F8-4D12-44E4-BA4A-453EC60296DA}.Release|Any CPU.Build.0 = Release|Any CPU
	EndGlobalSection
	GlobalSection(SolutionProperties) = preSolution
		HideSolutionNode = FALSE
	EndGlobalSection
	GlobalSection(ExtensibilityGlobals) = postSolution
		SolutionGuid = {3DEE1621-1FBC-4418-B49D-20C9DFDAE9F5}
	EndGlobalSection
EndGlobal
